
Microsoft Visual Studio Solution File, Format Version 12.00
# Visual Studio Version 17
VisualStudioVersion = 17.2.32616.157
MinimumVisualStudioVersion = 10.0.40219.1
Project("{FAE04EC0-301F-11D3-BF4B-00C04F79EFBC}") = "Priprema", "Priprema.csproj", "{65531910-31E4-4491-8BD3-599F99481F26}"
EndProject
Project("{FAE04EC0-301F-11D3-BF4B-00C04F79EFBC}") = "Priprema.Services", "..\Priprema.Services\Priprema.Services.csproj", "{A4FB4D06-75CE-4A2C-8F6C-029AB387A4F8}"
EndProject
Global
	GlobalSection(SolutionConfigurationPlatforms) = preSolution
		Debug|Any CPU = Debug|Any CPU
		Release|Any CPU = Release|Any CPU
	EndGlobalSection
	GlobalSection(ProjectConfigurationPlatforms) = postSolution
		{65531910-31E4-4491-8BD3-599F99481F26}.Debug|Any CPU.ActiveCfg = Debug|Any CPU
		{65531910-31E4-4491-8BD3-599F99481F26}.Debug|Any CPU.Build.0 = Debug|Any CPU
		{65531910-31E4-4491-8BD3-599F99481F26}.Release|Any CPU.ActiveCfg = Release|Any CPU
		{65531910-31E4-4491-8BD3-599F99481F26}.Release|Any CPU.Build.0 = Release|Any CPU
		{A4FB4D06-75CE-4A2C-8F6C-029AB387A4F8}.Debug|Any CPU.ActiveCfg = Debug|Any CPU
		{A4FB4D06-75CE-4A2C-8F6C-029AB387A4F8}.Debug|Any CPU.Build.0 = Debug|Any CPU
		{A4FB4D06-75CE-4A2C-8F6C-029AB387A4F8}.Release|Any CPU.ActiveCfg = Release|Any CPU
		{A4FB4D06-75CE-4A2C-8F6C-029AB387A4F8}.Release|Any CPU.Build.0 = Release|Any CPU
	EndGlobalSection
	GlobalSection(SolutionProperties) = preSolution
		HideSolutionNode = FALSE
	EndGlobalSection
	GlobalSection(ExtensibilityGlobals) = postSolution
		SolutionGuid = {E3D0BDC9-644A-4BB7-8A8D-9B3D96D30AFB}
	EndGlobalSection
EndGlobal
